
Microsoft Visual Studio Solution File, Format Version 11.00
# Visual Studio 2010
# SharpDevelop 5.0
Project("{FAE04EC0-301F-11D3-BF4B-00C04F79EFBC}") = "CommonUtils", "Library\CommonUtils.csproj", "{F783796B-2189-4A3E-AE6E-3E50F68FEE5C}"
EndProject
Global
	GlobalSection(SolutionConfigurationPlatforms) = preSolution
		Debug|Any CPU = Debug|Any CPU
		Release|Any CPU = Release|Any CPU
	EndGlobalSection
	GlobalSection(ProjectConfigurationPlatforms) = postSolution
		{F783796B-2189-4A3E-AE6E-3E50F68FEE5C}.Debug|Any CPU.ActiveCfg = Debug|Any CPU
		{F783796B-2189-4A3E-AE6E-3E50F68FEE5C}.Debug|Any CPU.Build.0 = Debug|Any CPU
		{F783796B-2189-4A3E-AE6E-3E50F68FEE5C}.Release|Any CPU.ActiveCfg = Release|Any CPU
		{F783796B-2189-4A3E-AE6E-3E50F68FEE5C}.Release|Any CPU.Build.0 = Release|Any CPU
	EndGlobalSection
EndGlobal
